
Microsoft Visual Studio Solution File, Format Version 12.00
# Visual Studio 2013
VisualStudioVersion = 12.0.30501.0
MinimumVisualStudioVersion = 10.0.40219.1
Project("{FAE04EC0-301F-11D3-BF4B-00C04F79EFBC}") = "InternetProviderEpam", "InternetProviderEpam\InternetProviderEpam.csproj", "{EB5D8199-3D5E-4B6F-AA72-1D9A458FF807}"
EndProject
Global
	GlobalSection(SolutionConfigurationPlatforms) = preSolution
		Debug|Any CPU = Debug|Any CPU
		Release|Any CPU = Release|Any CPU
	EndGlobalSection
	GlobalSection(ProjectConfigurationPlatforms) = postSolution
		{EB5D8199-3D5E-4B6F-AA72-1D9A458FF807}.Debug|Any CPU.ActiveCfg = Debug|Any CPU
		{EB5D8199-3D5E-4B6F-AA72-1D9A458FF807}.Debug|Any CPU.Build.0 = Debug|Any CPU
		{EB5D8199-3D5E-4B6F-AA72-1D9A458FF807}.Release|Any CPU.ActiveCfg = Release|Any CPU
		{EB5D8199-3D5E-4B6F-AA72-1D9A458FF807}.Release|Any CPU.Build.0 = Release|Any CPU
	EndGlobalSection
	GlobalSection(SolutionProperties) = preSolution
		HideSolutionNode = FALSE
	EndGlobalSection
EndGlobal
