
Microsoft Visual Studio Solution File, Format Version 12.00
# Visual Studio 2013
VisualStudioVersion = 12.0.30501.0
MinimumVisualStudioVersion = 10.0.40219.1
Project("{FAE04EC0-301F-11D3-BF4B-00C04F79EFBC}") = "EpamInternetProvider", "EpamInternetProvider\EpamInternetProvider.csproj", "{92F44E4D-2C65-4F56-BDFF-562781434BE0}"
EndProject
Project("{FAE04EC0-301F-11D3-BF4B-00C04F79EFBC}") = "BLL", "BLL\BLL.csproj", "{CFE576C9-3B5E-43CD-9B1F-D5D1F939BA91}"
EndProject
Project("{FAE04EC0-301F-11D3-BF4B-00C04F79EFBC}") = "DAL", "DAL\DAL.csproj", "{21CA9A12-A2FC-42AB-AF12-2FFCF58FA39F}"
EndProject
Project("{FAE04EC0-301F-11D3-BF4B-00C04F79EFBC}") = "BOL", "BOL\BOL.csproj", "{226D1B83-AF06-4AF8-81C5-F11BDA3FBF49}"
EndProject
Global
	GlobalSection(SolutionConfigurationPlatforms) = preSolution
		Debug|Any CPU = Debug|Any CPU
		Release|Any CPU = Release|Any CPU
	EndGlobalSection
	GlobalSection(ProjectConfigurationPlatforms) = postSolution
		{92F44E4D-2C65-4F56-BDFF-562781434BE0}.Debug|Any CPU.ActiveCfg = Debug|Any CPU
		{92F44E4D-2C65-4F56-BDFF-562781434BE0}.Debug|Any CPU.Build.0 = Debug|Any CPU
		{92F44E4D-2C65-4F56-BDFF-562781434BE0}.Release|Any CPU.ActiveCfg = Release|Any CPU
		{92F44E4D-2C65-4F56-BDFF-562781434BE0}.Release|Any CPU.Build.0 = Release|Any CPU
		{CFE576C9-3B5E-43CD-9B1F-D5D1F939BA91}.Debug|Any CPU.ActiveCfg = Debug|Any CPU
		{CFE576C9-3B5E-43CD-9B1F-D5D1F939BA91}.Debug|Any CPU.Build.0 = Debug|Any CPU
		{CFE576C9-3B5E-43CD-9B1F-D5D1F939BA91}.Release|Any CPU.ActiveCfg = Release|Any CPU
		{CFE576C9-3B5E-43CD-9B1F-D5D1F939BA91}.Release|Any CPU.Build.0 = Release|Any CPU
		{21CA9A12-A2FC-42AB-AF12-2FFCF58FA39F}.Debug|Any CPU.ActiveCfg = Debug|Any CPU
		{21CA9A12-A2FC-42AB-AF12-2FFCF58FA39F}.Debug|Any CPU.Build.0 = Debug|Any CPU
		{21CA9A12-A2FC-42AB-AF12-2FFCF58FA39F}.Release|Any CPU.ActiveCfg = Release|Any CPU
		{21CA9A12-A2FC-42AB-AF12-2FFCF58FA39F}.Release|Any CPU.Build.0 = Release|Any CPU
		{226D1B83-AF06-4AF8-81C5-F11BDA3FBF49}.Debug|Any CPU.ActiveCfg = Debug|Any CPU
		{226D1B83-AF06-4AF8-81C5-F11BDA3FBF49}.Debug|Any CPU.Build.0 = Debug|Any CPU
		{226D1B83-AF06-4AF8-81C5-F11BDA3FBF49}.Release|Any CPU.ActiveCfg = Release|Any CPU
		{226D1B83-AF06-4AF8-81C5-F11BDA3FBF49}.Release|Any CPU.Build.0 = Release|Any CPU
	EndGlobalSection
	GlobalSection(SolutionProperties) = preSolution
		HideSolutionNode = FALSE
	EndGlobalSection
EndGlobal
